
Microsoft Visual Studio Solution File, Format Version 12.00
# Visual Studio Version 17
VisualStudioVersion = 17.2.32516.85
MinimumVisualStudioVersion = 10.0.40219.1
Project("{FAE04EC0-301F-11D3-BF4B-00C04F79EFBC}") = "TP6", "TP6\TP6.csproj", "{7466A69B-2A15-4FB5-AB04-9C58BE39AB3D}"
EndProject
Global
	GlobalSection(SolutionConfigurationPlatforms) = preSolution
		Debug|Any CPU = Debug|Any CPU
		Release|Any CPU = Release|Any CPU
	EndGlobalSection
	GlobalSection(ProjectConfigurationPlatforms) = postSolution
		{7466A69B-2A15-4FB5-AB04-9C58BE39AB3D}.Debug|Any CPU.ActiveCfg = Debug|Any CPU
		{7466A69B-2A15-4FB5-AB04-9C58BE39AB3D}.Debug|Any CPU.Build.0 = Debug|Any CPU
		{7466A69B-2A15-4FB5-AB04-9C58BE39AB3D}.Release|Any CPU.ActiveCfg = Release|Any CPU
		{7466A69B-2A15-4FB5-AB04-9C58BE39AB3D}.Release|Any CPU.Build.0 = Release|Any CPU
	EndGlobalSection
	GlobalSection(SolutionProperties) = preSolution
		HideSolutionNode = FALSE
	EndGlobalSection
	GlobalSection(ExtensibilityGlobals) = postSolution
		SolutionGuid = {ED0CCFB3-1A96-48C9-B331-43807FA70F1C}
	EndGlobalSection
EndGlobal
